
Microsoft Visual Studio Solution File, Format Version 12.00
# Visual Studio Version 16
VisualStudioVersion = 16.0.31205.134
MinimumVisualStudioVersion = 10.0.40219.1
Project("{9A19103F-16F7-4668-BE54-9A1E7A4F7556}") = "MoreUsersApp", "MoreUsersApp\MoreUsersApp.csproj", "{37FE9358-67E7-4373-A2CB-A5B28242B331}"
EndProject
Project("{FAE04EC0-301F-11D3-BF4B-00C04F79EFBC}") = "MoreUsersApp.DAL", "MoreUsersApp.DAL\MoreUsersApp.DAL.csproj", "{A6F39931-14B9-49FF-B6B1-DDBD8D3C44A7}"
EndProject
Project("{FAE04EC0-301F-11D3-BF4B-00C04F79EFBC}") = "MoreUsersApp.BLL", "MoreUsersApp.BLL\MoreUsersApp.BLL.csproj", "{29AB4AFC-62B5-415F-8BB5-D20292123F49}"
EndProject
Global
	GlobalSection(SolutionConfigurationPlatforms) = preSolution
		Debug|Any CPU = Debug|Any CPU
		Release|Any CPU = Release|Any CPU
	EndGlobalSection
	GlobalSection(ProjectConfigurationPlatforms) = postSolution
		{37FE9358-67E7-4373-A2CB-A5B28242B331}.Debug|Any CPU.ActiveCfg = Debug|Any CPU
		{37FE9358-67E7-4373-A2CB-A5B28242B331}.Debug|Any CPU.Build.0 = Debug|Any CPU
		{37FE9358-67E7-4373-A2CB-A5B28242B331}.Release|Any CPU.ActiveCfg = Release|Any CPU
		{37FE9358-67E7-4373-A2CB-A5B28242B331}.Release|Any CPU.Build.0 = Release|Any CPU
		{A6F39931-14B9-49FF-B6B1-DDBD8D3C44A7}.Debug|Any CPU.ActiveCfg = Debug|Any CPU
		{A6F39931-14B9-49FF-B6B1-DDBD8D3C44A7}.Debug|Any CPU.Build.0 = Debug|Any CPU
		{A6F39931-14B9-49FF-B6B1-DDBD8D3C44A7}.Release|Any CPU.ActiveCfg = Release|Any CPU
		{A6F39931-14B9-49FF-B6B1-DDBD8D3C44A7}.Release|Any CPU.Build.0 = Release|Any CPU
		{29AB4AFC-62B5-415F-8BB5-D20292123F49}.Debug|Any CPU.ActiveCfg = Debug|Any CPU
		{29AB4AFC-62B5-415F-8BB5-D20292123F49}.Debug|Any CPU.Build.0 = Debug|Any CPU
		{29AB4AFC-62B5-415F-8BB5-D20292123F49}.Release|Any CPU.ActiveCfg = Release|Any CPU
		{29AB4AFC-62B5-415F-8BB5-D20292123F49}.Release|Any CPU.Build.0 = Release|Any CPU
	EndGlobalSection
	GlobalSection(SolutionProperties) = preSolution
		HideSolutionNode = FALSE
	EndGlobalSection
	GlobalSection(ExtensibilityGlobals) = postSolution
		SolutionGuid = {26613577-19BD-4A88-88F2-27A303B89C2E}
	EndGlobalSection
EndGlobal
